
Microsoft Visual Studio Solution File, Format Version 12.00
# Visual Studio 15
VisualStudioVersion = 15.0.28307.329
MinimumVisualStudioVersion = 10.0.40219.1
Project("{FAE04EC0-301F-11D3-BF4B-00C04F79EFBC}") = "MarketDataLoader", "MarketDataLoader\MarketDataLoader.csproj", "{2DC74910-BF0F-4F1C-BCAC-2370499CC659}"
EndProject
Project("{FAE04EC0-301F-11D3-BF4B-00C04F79EFBC}") = "StrategyAnalyzer", "StrategyAnalyzer\StrategyAnalyzer.csproj", "{AA5AEA4F-CA0D-441C-8ACA-A7888CAD3453}"
EndProject
Global
	GlobalSection(SolutionConfigurationPlatforms) = preSolution
		Debug|Any CPU = Debug|Any CPU
		Release|Any CPU = Release|Any CPU
	EndGlobalSection
	GlobalSection(ProjectConfigurationPlatforms) = postSolution
		{2DC74910-BF0F-4F1C-BCAC-2370499CC659}.Debug|Any CPU.ActiveCfg = Debug|Any CPU
		{2DC74910-BF0F-4F1C-BCAC-2370499CC659}.Debug|Any CPU.Build.0 = Debug|Any CPU
		{2DC74910-BF0F-4F1C-BCAC-2370499CC659}.Release|Any CPU.ActiveCfg = Release|Any CPU
		{2DC74910-BF0F-4F1C-BCAC-2370499CC659}.Release|Any CPU.Build.0 = Release|Any CPU
		{AA5AEA4F-CA0D-441C-8ACA-A7888CAD3453}.Debug|Any CPU.ActiveCfg = Debug|Any CPU
		{AA5AEA4F-CA0D-441C-8ACA-A7888CAD3453}.Debug|Any CPU.Build.0 = Debug|Any CPU
		{AA5AEA4F-CA0D-441C-8ACA-A7888CAD3453}.Release|Any CPU.ActiveCfg = Release|Any CPU
		{AA5AEA4F-CA0D-441C-8ACA-A7888CAD3453}.Release|Any CPU.Build.0 = Release|Any CPU
	EndGlobalSection
	GlobalSection(SolutionProperties) = preSolution
		HideSolutionNode = FALSE
	EndGlobalSection
	GlobalSection(ExtensibilityGlobals) = postSolution
		SolutionGuid = {A24B6BA5-F6A1-4191-BCF9-6C9111A6BB9D}
	EndGlobalSection
EndGlobal
